%{
  "beam_notify": {:hex, :beam_notify, "1.1.1", "da7dd04f16120bcab71f01ff81607ea38ad78af859cd87fad2012eac8feab034", [:make, :mix], [{:elixir_make, "~> 0.6", [hex: :elixir_make, repo: "hexpm", optional: false]}], "hexpm", "5a09fc8449171da423f781de16b95cdec52763e60308345de6f15358c2382a42"},
  "castore": {:hex, :castore, "1.0.18", "5e43ef0ec7d31195dfa5a65a86e6131db999d074179d2ba5a8de11fe14570f55", [:mix], [], "hexpm", "f393e4fe6317829b158fb74d86eb681f737d2fe326aa61ccf6293c4104957e34"},
  "certifi": {:hex, :certifi, "2.15.0", "0e6e882fcdaaa0a5a9f2b3db55b1394dba07e8d6d9bcad08318fb604c6839712", [:rebar3], [], "hexpm", "b147ed22ce71d72eafdad94f055165c1c182f61a2ff49df28bcc71d1d5b94a60"},
  "circuits_gpio": {:hex, :circuits_gpio, "2.1.3", "7f5b8262a7ee39729b11b42cb5ce3216145649aa315fd08fc3405ca7139382b4", [:make, :mix], [{:elixir_make, "~> 0.6", [hex: :elixir_make, repo: "hexpm", optional: false]}], "hexpm", "8616d3085f0e3b794f330cef8d4200ed83a0a2a8edf011d75d9e024299118220"},
  "circular_buffer": {:hex, :circular_buffer, "1.0.0", "25c004da0cba7bd8bc1bdabded4f9a902d095e20600fd15faf1f2ffbaea18a07", [:mix], [], "hexpm", "c829ec31c13c7bafd1f546677263dff5bfb006e929f25635878ac3cfba8749e5"},
  "combine": {:hex, :combine, "0.10.0", "eff8224eeb56498a2af13011d142c5e7997a80c8f5b97c499f84c841032e429f", [:mix], [], "hexpm", "1b1dbc1790073076580d0d1d64e42eae2366583e7aecd455d1215b0d16f2451b"},
  "cpu_info": {:hex, :cpu_info, "0.2.2", "b3adfe30327aa94af7691b8ad668446115d95645475bc90998f80e921f2f20cb", [:mix], [], "hexpm", "ddd5be7c661ed719dd748bb4e32100c7b71bd797668e3bd451e19ff6cfba40fa"},
  "crontab": {:hex, :crontab, "1.2.0", "503611820257939d5d0fd272eb2b454f48a470435a809479ddc2c40bb515495c", [:mix], [{:ecto, "~> 1.0 or ~> 2.0 or ~> 3.0", [hex: :ecto, repo: "hexpm", optional: true]}], "hexpm", "ebd7ef4d831e1b20fa4700f0de0284a04cac4347e813337978e25b4cc5cc2207"},
  "decimal": {:hex, :decimal, "2.3.0", "3ad6255aa77b4a3c4f818171b12d237500e63525c2fd056699967a3e7ea20f62", [:mix], [], "hexpm", "a4d66355cb29cb47c3cf30e71329e58361cfcb37c34235ef3bf1d7bf3773aeac"},
  "elixir_make": {:hex, :elixir_make, "0.9.0", "6484b3cd8c0cee58f09f05ecaf1a140a8c97670671a6a0e7ab4dc326c3109726", [:mix], [], "hexpm", "db23d4fd8b757462ad02f8aa73431a426fe6671c80b200d9710caf3d1dd0ffdb"},
  "expo": {:hex, :expo, "1.1.1", "4202e1d2ca6e2b3b63e02f69cfe0a404f77702b041d02b58597c00992b601db5", [:mix], [], "hexpm", "5fb308b9cb359ae200b7e23d37c76978673aa1b06e2b3075d814ce12c5811640"},
  "finch": {:hex, :finch, "0.21.0", "b1c3b2d48af02d0c66d2a9ebfb5622be5c5ecd62937cf79a88a7f98d48a8290c", [:mix], [{:mime, "~> 1.0 or ~> 2.0", [hex: :mime, repo: "hexpm", optional: false]}, {:mint, "~> 1.6.2 or ~> 1.7", [hex: :mint, repo: "hexpm", optional: false]}, {:nimble_options, "~> 0.4 or ~> 1.0", [hex: :nimble_options, repo: "hexpm", optional: false]}, {:nimble_pool, "~> 1.1", [hex: :nimble_pool, repo: "hexpm", optional: false]}, {:telemetry, "~> 0.4 or ~> 1.0", [hex: :telemetry, repo: "hexpm", optional: false]}], "hexpm", "87dc6e169794cb2570f75841a19da99cfde834249568f2a5b121b809588a4377"},
  "floki": {:hex, :floki, "0.38.1", "f002ccac94b3bcb21d40d9b34cc2cc9fd88a8311879120330075b5dde657ebee", [:mix], [], "hexpm", "e744bf0db7ee34b2c8b62767f04071107af0516a81144b9a2f73fe0494200e5b"},
  "flow": {:hex, :flow, "1.2.4", "1dd58918287eb286656008777cb32714b5123d3855956f29aa141ebae456922d", [:mix], [{:gen_stage, "~> 1.0", [hex: :gen_stage, repo: "hexpm", optional: false]}], "hexpm", "874adde96368e71870f3510b91e35bc31652291858c86c0e75359cbdd35eb211"},
  "gen_stage": {:hex, :gen_stage, "1.3.2", "7c77e5d1e97de2c6c2f78f306f463bca64bf2f4c3cdd606affc0100b89743b7b", [:mix], [], "hexpm", "0ffae547fa777b3ed889a6b9e1e64566217413d018cabd825f786e843ffe63e7"},
  "gettext": {:hex, :gettext, "0.26.2", "5978aa7b21fada6deabf1f6341ddba50bc69c999e812211903b169799208f2a8", [:mix], [{:expo, "~> 0.5.1 or ~> 1.0", [hex: :expo, repo: "hexpm", optional: false]}], "hexpm", "aa978504bcf76511efdc22d580ba08e2279caab1066b76bb9aa81c4a1e0a32a5"},
  "hackney": {:hex, :hackney, "1.25.0", "390e9b83f31e5b325b9f43b76e1a785cbdb69b5b6cd4e079aa67835ded046867", [:rebar3], [{:certifi, "~> 2.15.0", [hex: :certifi, repo: "hexpm", optional: false]}, {:idna, "~> 6.1.0", [hex: :idna, repo: "hexpm", optional: false]}, {:metrics, "~> 1.0.0", [hex: :metrics, repo: "hexpm", optional: false]}, {:mimerl, "~> 1.4", [hex: :mimerl, repo: "hexpm", optional: false]}, {:parse_trans, "3.4.1", [hex: :parse_trans, repo: "hexpm", optional: false]}, {:ssl_verify_fun, "~> 1.1.0", [hex: :ssl_verify_fun, repo: "hexpm", optional: false]}, {:unicode_util_compat, "~> 0.7.1", [hex: :unicode_util_compat, repo: "hexpm", optional: false]}], "hexpm", "7209bfd75fd1f42467211ff8f59ea74d6f2a9e81cbcee95a56711ee79fd6b1d4"},
  "hpax": {:hex, :hpax, "1.0.3", "ed67ef51ad4df91e75cc6a1494f851850c0bd98ebc0be6e81b026e765ee535aa", [:mix], [], "hexpm", "8eab6e1cfa8d5918c2ce4ba43588e894af35dbd8e91e6e55c817bca5847df34a"},
  "httpoison": {:hex, :httpoison, "2.3.0", "10eef046405bc44ba77dc5b48957944df8952cc4966364b3cf6aa71dce6de587", [:mix], [{:hackney, "~> 1.21", [hex: :hackney, repo: "hexpm", optional: false]}], "hexpm", "d388ee70be56d31a901e333dbcdab3682d356f651f93cf492ba9f06056436a2c"},
  "idna": {:hex, :idna, "6.1.1", "8a63070e9f7d0c62eb9d9fcb360a7de382448200fbbd1b106cc96d3d8099df8d", [:rebar3], [{:unicode_util_compat, "~> 0.7.0", [hex: :unicode_util_compat, repo: "hexpm", optional: false]}], "hexpm", "92376eb7894412ed19ac475e4a86f7b413c1b9fbb5bd16dccd57934157944cea"},
  "interactive_cmd": {:hex, :interactive_cmd, "0.1.3", "4641cf8e2bc6f235b5093813d57b7e42e12c3844942a2b5912eb8a996bda6e28", [:mix], [], "hexpm", "11e182eb7064ccf3610d4b12cdb99467e473548e9e31961582635e4db24c2aa7"},
  "jason": {:hex, :jason, "1.4.4", "b9226785a9aa77b6857ca22832cffa5d5011a667207eb2a0ad56adb5db443b8a", [:mix], [{:decimal, "~> 1.0 or ~> 2.0", [hex: :decimal, repo: "hexpm", optional: true]}], "hexpm", "c5eb0cab91f094599f94d55bc63409236a8ec69a21a67814529e8d5f6cc90b3b"},
  "mdns_lite": {:hex, :mdns_lite, "0.9.1", "fb305081d01aa62d38d86a4e467e9b7eb217aa68d62c22b111105170ca7f198f", [:mix], [{:igniter, "~> 0.5", [hex: :igniter, repo: "hexpm", optional: true]}, {:vintage_net, "~> 0.7", [hex: :vintage_net, repo: "hexpm", optional: true]}], "hexpm", "4f5ae0c6cc69fcc3adadf68bfd54abfc5a284defa703d6faefe40ade2145a601"},
  "metrics": {:hex, :metrics, "1.0.1", "25f094dea2cda98213cecc3aeff09e940299d950904393b2a29d191c346a8486", [:rebar3], [], "hexpm", "69b09adddc4f74a40716ae54d140f93beb0fb8978d8636eaded0c31b6f099f16"},
  "mime": {:hex, :mime, "2.0.7", "b8d739037be7cd402aee1ba0306edfdef982687ee7e9859bee6198c1e7e2f128", [:mix], [], "hexpm", "6171188e399ee16023ffc5b76ce445eb6d9672e2e241d2df6050f3c771e80ccd"},
  "mimerl": {:hex, :mimerl, "1.5.0", "f35aca6f23242339b3666e0ac0702379e362b469d0aea167f6cc713547e777ed", [:rebar3], [], "hexpm", "db648ce065bae14ea84ca8b5dd123f42f49417cef693541110bf6f9e9be9ecc4"},
  "mint": {:hex, :mint, "1.7.1", "113fdb2b2f3b59e47c7955971854641c61f378549d73e829e1768de90fc1abf1", [:mix], [{:castore, "~> 0.1.0 or ~> 1.0", [hex: :castore, repo: "hexpm", optional: true]}, {:hpax, "~> 0.1.1 or ~> 0.2.0 or ~> 1.0", [hex: :hpax, repo: "hexpm", optional: false]}], "hexpm", "fceba0a4d0f24301ddee3024ae116df1c3f4bb7a563a731f45fdfeb9d39a231b"},
  "mix_tasks_upload_hotswap": {:hex, :mix_tasks_upload_hotswap, "0.1.2", "881721d4cdc64fb0d7c53dd644fffb167bd46e9ca1327e023492f03582b7a6bc", [:mix], [], "hexpm", "5a94bf1ff9f7517acd5e323ea161bd928650a9b33ab07dc18c498ebc361f387f"},
  "muontrap": {:hex, :muontrap, "1.7.0", "ff6eda43839194dc342b81e02e764fd75389a8ab166318548f3aaec374846600", [:make, :mix], [{:elixir_make, "~> 0.6", [hex: :elixir_make, repo: "hexpm", optional: false]}], "hexpm", "7bd4a90ae008bf6a25554aa13497b2c05dfa1fcc34be5bdcb8fb4dec9b3422e3"},
  "nerves": {:hex, :nerves, "1.13.2", "a931672f02d120191b2401d1539c8773f52a06cf780e460e4d8e6599c28a145b", [:make, :mix], [{:castore, "~> 0.1 or ~> 1.0", [hex: :castore, repo: "hexpm", optional: false]}, {:elixir_make, "~> 0.6", [hex: :elixir_make, repo: "hexpm", optional: false]}, {:interactive_cmd, "~> 0.1.2", [hex: :interactive_cmd, repo: "hexpm", optional: false]}, {:jason, "~> 1.2", [hex: :jason, repo: "hexpm", optional: false]}, {:nerves_discovery, "~> 0.1.2", [hex: :nerves_discovery, repo: "hexpm", optional: false]}, {:tablet, "~> 0.3.1", [hex: :tablet, repo: "hexpm", optional: false]}], "hexpm", "ad9a7b785471b80dad422e1323a8ff51d7c97db3ebc9d5165b68ce286b3f2ae3"},
  "nerves_discovery": {:hex, :nerves_discovery, "0.1.2", "9bf4b031cd13c00073cd2ee1053569ecc308da33a16a316997f59b0168c96300", [:mix], [], "hexpm", "87220c31e6de2919b81c9648bdaa647b1e8f67356475d295d7ecf08639ea294c"},
  "nerves_logging": {:hex, :nerves_logging, "0.2.4", "7d60c345325c7165a1473be30a399847eaba425dce3258ef97a8aefd6d913160", [:make, :mix], [{:elixir_make, "~> 0.6", [hex: :elixir_make, repo: "hexpm", optional: false]}], "hexpm", "942f9757adea17d56f4f64fbf4e1aaffd4b2471dd2f1bc020ba80ba2ef5238bc"},
  "nerves_motd": {:hex, :nerves_motd, "0.1.17", "a0c4ebec82425185dd8cea1c12cd5d310b076cdefc82ba5f4bf516b5733ee4de", [:mix], [{:nerves_runtime, "~> 0.13.9", [hex: :nerves_runtime, repo: "hexpm", optional: false]}, {:nerves_time, "~> 0.4", [hex: :nerves_time, repo: "hexpm", optional: true]}, {:nerves_time_zones, "~> 0.1", [hex: :nerves_time_zones, repo: "hexpm", optional: true]}], "hexpm", "901a99bb22355e3f68b2f33182756cec1b0556531a6f93521a7baa2f0591969d"},
  "nerves_pack": {:hex, :nerves_pack, "0.7.1", "f069a9c3cfcde445498aad618af95c846f2ee032a69c2d715a9e5d4f632fb1b5", [:mix], [{:mdns_lite, "> 0.0.0", [hex: :mdns_lite, repo: "hexpm", optional: false]}, {:nerves_motd, "> 0.0.0", [hex: :nerves_motd, repo: "hexpm", optional: false]}, {:nerves_runtime, "> 0.0.0", [hex: :nerves_runtime, repo: "hexpm", optional: false]}, {:nerves_ssh, "> 0.0.0", [hex: :nerves_ssh, repo: "hexpm", optional: false]}, {:nerves_time, "> 0.0.0", [hex: :nerves_time, repo: "hexpm", optional: false]}, {:ring_logger, "> 0.0.0", [hex: :ring_logger, repo: "hexpm", optional: false]}, {:vintage_net, "> 0.0.0", [hex: :vintage_net, repo: "hexpm", optional: false]}, {:vintage_net_direct, "> 0.0.0", [hex: :vintage_net_direct, repo: "hexpm", optional: false]}, {:vintage_net_ethernet, "> 0.0.0", [hex: :vintage_net_ethernet, repo: "hexpm", optional: false]}, {:vintage_net_wifi, "> 0.0.0", [hex: :vintage_net_wifi, repo: "hexpm", optional: false]}], "hexpm", "6b94d38771e3a97c3ed63e62fb5f78b47461208ee162e20bfbcf6e36fd900616"},
  "nerves_runtime": {:hex, :nerves_runtime, "0.13.12", "65f12109d1ad0fee29737b7a7ed52c5ab10d6a69470472250266940baca5859e", [:mix], [{:nerves_logging, "~> 0.2.0", [hex: :nerves_logging, repo: "hexpm", optional: false]}, {:nerves_uevent, "~> 0.1.0", [hex: :nerves_uevent, repo: "hexpm", optional: false]}, {:uboot_env, "~> 0.3.0 or ~> 1.0", [hex: :uboot_env, repo: "hexpm", optional: false]}], "hexpm", "b439f2181286967067ffe1ba03cf16a388f16f4e9e931d8f91f304e0b9472499"},
  "nerves_ssh": {:hex, :nerves_ssh, "1.3.0", "256ab684d0dc789998061959d59b30dae8c7f94a3d28ef071ec5f8a5e17118c0", [:mix], [{:nerves_runtime, "~> 0.11", [hex: :nerves_runtime, repo: "hexpm", optional: false]}, {:ssh_subsystem_fwup, "~> 0.5", [hex: :ssh_subsystem_fwup, repo: "hexpm", optional: false]}], "hexpm", "90ada3bf51f27dc345487da8a5e61bd4db0fd6d36e487b1379155bc905b10617"},
  "nerves_system_bbb": {:hex, :nerves_system_bbb, "2.29.2", "b3bd3cf526dae89c387c8971b191ee9396b74a6e3685b9b185552c3bb6a18233", [:mix], [{:nerves, "~> 1.11.1 or ~> 1.12", [hex: :nerves, repo: "hexpm", optional: false]}, {:nerves_system_br, "1.33.4", [hex: :nerves_system_br, repo: "hexpm", optional: false]}, {:nerves_toolchain_armv7_nerves_linux_gnueabihf, "~> 13.2.0", [hex: :nerves_toolchain_armv7_nerves_linux_gnueabihf, repo: "hexpm", optional: false]}], "hexpm", "60a47217569ccf7c06fc9963468a6508a45ce45d101cc29129d103c887b471aa"},
  "nerves_system_br": {:hex, :nerves_system_br, "1.33.4", "f050c6820ed20e43a0fa04d21f803930765c2474c007d920a7bd7fc09d57db9c", [:mix], [], "hexpm", "2317680a9341150b42473f70e53e81b16adefcd83f8207505ded15509bf3f269"},
  "nerves_system_grisp2": {:hex, :nerves_system_grisp2, "0.17.2", "a1eba654679ea864e0b90eea0b5b0ab0958aa83d93d519412053f59d12ad345f", [:mix], [{:nerves, "~> 1.11", [hex: :nerves, repo: "hexpm", optional: false]}, {:nerves_system_br, "1.33.4", [hex: :nerves_system_br, repo: "hexpm", optional: false]}, {:nerves_toolchain_armv7_nerves_linux_gnueabihf, "~> 13.2.0", [hex: :nerves_toolchain_armv7_nerves_linux_gnueabihf, repo: "hexpm", optional: false]}], "hexpm", "b6097cc273290f0d7686a25f3b6d22970f7d1fe35dc0f5325ff515a920a959a3"},
  "nerves_system_mangopi_mq_pro": {:hex, :nerves_system_mangopi_mq_pro, "0.15.2", "f0009187140ddfdd2294ce94684d2cd85c5ac458a4fff3118121ba8de73ab028", [:mix], [{:nerves, "~> 1.11", [hex: :nerves, repo: "hexpm", optional: false]}, {:nerves_system_br, "1.33.4", [hex: :nerves_system_br, repo: "hexpm", optional: false]}, {:nerves_toolchain_riscv64_nerves_linux_gnu, "~> 13.2.0", [hex: :nerves_toolchain_riscv64_nerves_linux_gnu, repo: "hexpm", optional: false]}], "hexpm", "591f55bbd24601d06bb1aaea3357cdb8ba6da72a5afc2cdb87fd7da2fe33a238"},
  "nerves_system_osd32mp1": {:hex, :nerves_system_osd32mp1, "0.24.2", "361b37e66c66a6d7ee867229e09c6d57838abb7647f370761127d6b58ffa65b3", [:mix], [{:nerves, "~> 1.11", [hex: :nerves, repo: "hexpm", optional: false]}, {:nerves_system_br, "1.33.4", [hex: :nerves_system_br, repo: "hexpm", optional: false]}, {:nerves_toolchain_armv7_nerves_linux_gnueabihf, "~> 13.2.0", [hex: :nerves_toolchain_armv7_nerves_linux_gnueabihf, repo: "hexpm", optional: false]}], "hexpm", "a43c865eb11c692c5fcaac2db6dd610083db08a601a253ed23765732c9523d7f"},
  "nerves_system_qemu_aarch64": {:hex, :nerves_system_qemu_aarch64, "0.3.2", "666794d7b76502c69ec892734092f6f18abc4b33e115025b2ccf427008c7a773", [:mix], [{:nerves, "~> 1.11", [hex: :nerves, repo: "hexpm", optional: false]}, {:nerves_system_br, "1.33.4", [hex: :nerves_system_br, repo: "hexpm", optional: false]}, {:nerves_toolchain_aarch64_nerves_linux_gnu, "~> 13.2.0", [hex: :nerves_toolchain_aarch64_nerves_linux_gnu, repo: "hexpm", optional: false]}], "hexpm", "876041cbcbe0dc4695f67fc490a83a78e927221de8bd957f8dbc271e8f228770"},
  "nerves_system_rpi": {:hex, :nerves_system_rpi, "2.0.1", "09f76a65d89b2e7c4c1d0e1dfeb6b565850e0b995d458420ada92df43762a9d9", [:mix], [{:nerves, "~> 1.11", [hex: :nerves, repo: "hexpm", optional: false]}, {:nerves_system_br, "1.33.4", [hex: :nerves_system_br, repo: "hexpm", optional: false]}, {:nerves_toolchain_armv6_nerves_linux_gnueabihf, "~> 13.2.0", [hex: :nerves_toolchain_armv6_nerves_linux_gnueabihf, repo: "hexpm", optional: false]}], "hexpm", "a5f5a7064cee17a0c8197952924ab5cf45e4cd14b12ae558b1b9fcfcc345f905"},
  "nerves_system_rpi0": {:hex, :nerves_system_rpi0, "2.0.1", "aa4a2a958c195f0561bb65c06d76b6f2c618e8927900a22f6a0ed1c8ffa19af7", [:mix], [{:nerves, "~> 1.11", [hex: :nerves, repo: "hexpm", optional: false]}, {:nerves_system_br, "1.33.4", [hex: :nerves_system_br, repo: "hexpm", optional: false]}, {:nerves_toolchain_armv6_nerves_linux_gnueabihf, "~> 13.2.0", [hex: :nerves_toolchain_armv6_nerves_linux_gnueabihf, repo: "hexpm", optional: false]}], "hexpm", "8ab76d2208ad5bcbcc6fc89d0ee70da703926c957fdaa3cb78a05cfe54ce8354"},
  "nerves_system_rpi0_2": {:hex, :nerves_system_rpi0_2, "2.0.1", "3eb7554f3191f55a36989cae43ee2bde5545181c3836f90d0701301a9d806ec1", [:mix], [{:nerves, "~> 1.11", [hex: :nerves, repo: "hexpm", optional: false]}, {:nerves_system_br, "1.33.4", [hex: :nerves_system_br, repo: "hexpm", optional: false]}, {:nerves_toolchain_aarch64_nerves_linux_gnu, "~> 13.2.0", [hex: :nerves_toolchain_aarch64_nerves_linux_gnu, repo: "hexpm", optional: false]}], "hexpm", "c342490b7fdf22339c08e5e45f18d13cce11037511362ea64567ba745314f30e"},
  "nerves_system_rpi2": {:hex, :nerves_system_rpi2, "2.0.1", "0281be94c8bf46dd068761dada33262a7fadd7827b24ad5a21c2748a7d9bdf03", [:mix], [{:nerves, "~> 1.11", [hex: :nerves, repo: "hexpm", optional: false]}, {:nerves_system_br, "1.33.4", [hex: :nerves_system_br, repo: "hexpm", optional: false]}, {:nerves_toolchain_armv7_nerves_linux_gnueabihf, "~> 13.2.0", [hex: :nerves_toolchain_armv7_nerves_linux_gnueabihf, repo: "hexpm", optional: false]}], "hexpm", "938b9d75c591e94e762bb02247a700c4a12396b5c8732fbddd5a1b0b16878449"},
  "nerves_system_rpi3": {:hex, :nerves_system_rpi3, "2.0.1", "aa6bc4b45f05137fd81ae639573f2ecde25faa9fbf2fca7ab74b96b5bff918d5", [:mix], [{:nerves, "~> 1.11", [hex: :nerves, repo: "hexpm", optional: false]}, {:nerves_system_br, "1.33.4", [hex: :nerves_system_br, repo: "hexpm", optional: false]}, {:nerves_toolchain_armv7_nerves_linux_gnueabihf, "~> 13.2.0", [hex: :nerves_toolchain_armv7_nerves_linux_gnueabihf, repo: "hexpm", optional: false]}], "hexpm", "e872e8351d6bd56108c2d4eeb76e671e229453d94622b96325d2f2be869ce70a"},
  "nerves_system_rpi4": {:hex, :nerves_system_rpi4, "2.0.1", "7732eb9386a5b53f8c47223e388d3f28a2c16eaf84e3225ff273c99fdeb9b7d3", [:mix], [{:nerves, "~> 1.11", [hex: :nerves, repo: "hexpm", optional: false]}, {:nerves_system_br, "1.33.4", [hex: :nerves_system_br, repo: "hexpm", optional: false]}, {:nerves_toolchain_aarch64_nerves_linux_gnu, "~> 13.2.0", [hex: :nerves_toolchain_aarch64_nerves_linux_gnu, repo: "hexpm", optional: false]}], "hexpm", "6a552008ea8ef7d6c8afd47b0ec0fa0ac6693e51c870feab4ea513b176fd935b"},
  "nerves_system_rpi5": {:hex, :nerves_system_rpi5, "2.0.1", "47ce1d0cff41c256975d1466698f54ca9f49369d7f7459f0a238db6ad4fc7aaa", [:mix], [{:nerves, "~> 1.11", [hex: :nerves, repo: "hexpm", optional: false]}, {:nerves_system_br, "1.33.4", [hex: :nerves_system_br, repo: "hexpm", optional: false]}, {:nerves_toolchain_aarch64_nerves_linux_gnu, "~> 13.2.0", [hex: :nerves_toolchain_aarch64_nerves_linux_gnu, repo: "hexpm", optional: false]}], "hexpm", "d2bf66fe21dcc9f2769d4093cfb74adbe1a3b84daa25d734f3aee68dce8d9c8f"},
  "nerves_system_x86_64": {:hex, :nerves_system_x86_64, "1.33.2", "775a5a988da936d539b14f4e0281ebb60e15ffb5547911eb56cb1a791a791f0f", [:mix], [{:nerves, "~> 1.11", [hex: :nerves, repo: "hexpm", optional: false]}, {:nerves_system_br, "1.33.4", [hex: :nerves_system_br, repo: "hexpm", optional: false]}, {:nerves_toolchain_x86_64_nerves_linux_musl, "~> 13.2.0", [hex: :nerves_toolchain_x86_64_nerves_linux_musl, repo: "hexpm", optional: false]}], "hexpm", "187fb01f95522aee09915e138057e80ea0cbb0f90f093c9524e8e4d6717a95be"},
  "nerves_time": {:hex, :nerves_time, "0.4.9", "9b123cf8b5f43ea1b5b897cc5fd9a0bd3b03c6e2a805bf790337731c681bb211", [:make, :mix], [{:elixir_make, "~> 0.6", [hex: :elixir_make, repo: "hexpm", optional: false]}, {:muontrap, "~> 0.5 or ~> 1.0", [hex: :muontrap, repo: "hexpm", optional: false]}], "hexpm", "a46a4f8c97a7137c8b4b7314a5541ea8f5a266c8cec78ff2d35b53d29dbab6b4"},
  "nerves_toolchain_aarch64_nerves_linux_gnu": {:hex, :nerves_toolchain_aarch64_nerves_linux_gnu, "13.2.0", "68fcd2c21c86cceb9545948fae052d72f88b7c7c10205b252dac88559e2a3369", [:mix], [{:nerves, "~> 1.4", [hex: :nerves, repo: "hexpm", optional: false]}, {:nerves_toolchain_ctng, "~> 1.10.0", [hex: :nerves_toolchain_ctng, repo: "hexpm", optional: false]}], "hexpm", "f92212606919a062f975e7bd82ed8a1b95bd4864abb3444cd0d5d0e610e94cc5"},
  "nerves_toolchain_armv6_nerves_linux_gnueabihf": {:hex, :nerves_toolchain_armv6_nerves_linux_gnueabihf, "13.2.0", "d7a9a53cc53a99f6bbe13e872b793c84344b5cb2ec5220dc12217cba9a59ddae", [:mix], [{:nerves, "~> 1.0", [hex: :nerves, repo: "hexpm", optional: false]}, {:nerves_toolchain_ctng, "~> 1.10.0", [hex: :nerves_toolchain_ctng, repo: "hexpm", optional: false]}], "hexpm", "97791d351485d4114e992db7814766563892a55c9d22a2ebcc43b3c1247f2b62"},
  "nerves_toolchain_armv7_nerves_linux_gnueabihf": {:hex, :nerves_toolchain_armv7_nerves_linux_gnueabihf, "13.2.0", "48305b5ba2ec41d2f9bfd0997d6bb6e8a9f5358146baa58fc64887bfe2d38ccd", [:mix], [{:nerves, "~> 1.0", [hex: :nerves, repo: "hexpm", optional: false]}, {:nerves_toolchain_ctng, "~> 1.10.0", [hex: :nerves_toolchain_ctng, repo: "hexpm", optional: false]}], "hexpm", "7a43b14eb4ec90f36acf36a42ce42c1d69c280b90eea7ab9965e00db3ee6cbf7"},
  "nerves_toolchain_ctng": {:hex, :nerves_toolchain_ctng, "1.10.0", "c6b35377a0b7a93633a8673a788f1580fe1fa06083374b0e4df36da65828d2ef", [:mix], [{:nerves, "~> 1.0", [hex: :nerves, repo: "hexpm", optional: false]}], "hexpm", "e4ae1a2b84de3502ecac195765819be0ce2834eb276553163a7c03133f1760f1"},
  "nerves_toolchain_riscv64_nerves_linux_gnu": {:hex, :nerves_toolchain_riscv64_nerves_linux_gnu, "13.2.0", "a0b14d8afe512e79d3774e49fcc0fed06e43346ddfa6966bc51106b35ade2ce0", [:mix], [{:nerves, "~> 1.4", [hex: :nerves, repo: "hexpm", optional: false]}, {:nerves_toolchain_ctng, "~> 1.10.0", [hex: :nerves_toolchain_ctng, repo: "hexpm", optional: false]}], "hexpm", "a77396ee4560cd20d71d7e9c17a7056186a9e0fbd62a541ef4a78fddf8cb9171"},
  "nerves_toolchain_x86_64_nerves_linux_musl": {:hex, :nerves_toolchain_x86_64_nerves_linux_musl, "13.2.0", "1896dc1576363e16276164cf350e98493a9b9b9391eafa94315a82adf97d94ea", [:mix], [{:nerves, "~> 1.0", [hex: :nerves, repo: "hexpm", optional: false]}, {:nerves_toolchain_ctng, "~> 1.10.0", [hex: :nerves_toolchain_ctng, repo: "hexpm", optional: false]}], "hexpm", "be6214995b7ee181f9e8ebb4148312775c0a626b857f0bb4688d8efda8844cba"},
  "nerves_uevent": {:hex, :nerves_uevent, "0.1.2", "0da22ed32d5203162e9d175a83a43d541406177384a810388508c2002285bfce", [:make, :mix], [{:elixir_make, "~> 0.6", [hex: :elixir_make, repo: "hexpm", optional: false]}, {:property_table, "~> 0.2.0 or ~> 0.3.0", [hex: :property_table, repo: "hexpm", optional: false]}], "hexpm", "1603eada674d77f9e4e7d517899a589316d7537dd6feee7f319b2b0dd7d350a7"},
  "nimble_options": {:hex, :nimble_options, "1.1.1", "e3a492d54d85fc3fd7c5baf411d9d2852922f66e69476317787a7b2bb000a61b", [:mix], [], "hexpm", "821b2470ca9442c4b6984882fe9bb0389371b8ddec4d45a9504f00a66f650b44"},
  "nimble_pool": {:hex, :nimble_pool, "1.1.0", "bf9c29fbdcba3564a8b800d1eeb5a3c58f36e1e11d7b7fb2e084a643f645f06b", [:mix], [], "hexpm", "af2e4e6b34197db81f7aad230c1118eac993acc0dae6bc83bac0126d4ae0813a"},
  "number": {:hex, :number, "1.0.5", "d92136f9b9382aeb50145782f116112078b3465b7be58df1f85952b8bb399b0f", [:mix], [{:decimal, "~> 1.5 or ~> 2.0", [hex: :decimal, repo: "hexpm", optional: false]}], "hexpm", "c0733a0a90773a66582b9e92a3f01290987f395c972cb7d685f51dd927cd5169"},
  "oauther": {:hex, :oauther, "1.3.0", "82b399607f0ca9d01c640438b34d74ebd9e4acd716508f868e864537ecdb1f76", [:mix], [], "hexpm", "78eb888ea875c72ca27b0864a6f550bc6ee84f2eeca37b093d3d833fbcaec04e"},
  "one_dhcpd": {:hex, :one_dhcpd, "2.0.3", "224f8a4cd06d73c9e481dd92766d3e831f8dc4d29d2cd50b9459135b32845da0", [:make, :mix], [{:elixir_make, "~> 0.6", [hex: :elixir_make, repo: "hexpm", optional: false]}], "hexpm", "a5902e4ed956bcfaa975bcda7adb2fc35303695a496eafecea69392a26cbf9ff"},
  "parse_trans": {:hex, :parse_trans, "3.4.1", "6e6aa8167cb44cc8f39441d05193be6e6f4e7c2946cb2759f015f8c56b76e5ff", [:rebar3], [], "hexpm", "620a406ce75dada827b82e453c19cf06776be266f5a67cff34e1ef2cbb60e49a"},
  "pelemay": {:hex, :pelemay, "0.0.15", "6002b1c40e02112f645a5d7dfef2ee371ca6daf32e849cfafbb88de9e4dabb18", [:mix], [{:cpu_info, "~> 0.2.1", [hex: :cpu_info, repo: "hexpm", optional: false]}, {:ring_logger, "~> 0.6", [hex: :ring_logger, repo: "hexpm", optional: false]}], "hexpm", "321d7f949a1e0c17f91999878fc842be8015365fd91c95c4c0767b302e53f2a4"},
  "property_table": {:hex, :property_table, "0.3.3", "7a31cc1c6d9e0a532787f56bee6d9a6067205d9c24c6d64e8ba851837d59f297", [:mix], [], "hexpm", "738a1584ab56237443e0fccaa0cf4a1da058c0c992948bcd73fed1a99de5696e"},
  "quantum": {:hex, :quantum, "3.5.3", "ee38838a07761663468145f489ad93e16a79440bebd7c0f90dc1ec9850776d99", [:mix], [{:crontab, "~> 1.1", [hex: :crontab, repo: "hexpm", optional: false]}, {:gen_stage, "~> 0.14 or ~> 1.0", [hex: :gen_stage, repo: "hexpm", optional: false]}, {:telemetry, "~> 0.4.3 or ~> 1.0", [hex: :telemetry, repo: "hexpm", optional: false]}, {:telemetry_registry, "~> 0.2", [hex: :telemetry_registry, repo: "hexpm", optional: false]}], "hexpm", "500fd3fa77dcd723ed9f766d4a175b684919ff7b6b8cfd9d7d0564d58eba8734"},
  "req": {:hex, :req, "0.5.17", "0096ddd5b0ed6f576a03dde4b158a0c727215b15d2795e59e0916c6971066ede", [:mix], [{:brotli, "~> 0.3.1", [hex: :brotli, repo: "hexpm", optional: true]}, {:ezstd, "~> 1.0", [hex: :ezstd, repo: "hexpm", optional: true]}, {:finch, "~> 0.17", [hex: :finch, repo: "hexpm", optional: false]}, {:jason, "~> 1.0", [hex: :jason, repo: "hexpm", optional: false]}, {:mime, "~> 2.0.6 or ~> 2.1", [hex: :mime, repo: "hexpm", optional: false]}, {:nimble_csv, "~> 1.0", [hex: :nimble_csv, repo: "hexpm", optional: true]}, {:plug, "~> 1.0", [hex: :plug, repo: "hexpm", optional: true]}], "hexpm", "0b8bc6ffdfebbc07968e59d3ff96d52f2202d0536f10fef4dc11dc02a2a43e39"},
  "ring_logger": {:hex, :ring_logger, "0.11.5", "b799ce644a593691f81895fd0903eb0a8a6bff8df9733b891b0da53be21217fe", [:mix], [{:circular_buffer, "~> 0.4.0 or ~> 1.0", [hex: :circular_buffer, repo: "hexpm", optional: false]}], "hexpm", "ec7a309bfa92dac3a85e8903454fe85b2159169329291563437dc8085437ad3a"},
  "shoehorn": {:hex, :shoehorn, "0.9.3", "88b79efa6c3cf42395d0635b2b6a41d1774275abb4a4889c0288874446d33d88", [:mix], [], "hexpm", "376ccf28e1d57a7f9d73ea93130e711886e88f4464a2cb9355787fd23897bbba"},
  "ssh_subsystem_fwup": {:hex, :ssh_subsystem_fwup, "0.6.7", "e5621a629a8c24befbdc1bf56a77d99c7c9075d45ddc19ad7b6c799c661d19de", [:mix], [{:interactive_cmd, "~> 0.1.2", [hex: :interactive_cmd, repo: "hexpm", optional: false]}], "hexpm", "93a72fcbeac9f33edf3cb3cb3d0df77f3a18305c24964bc9b42236bda3aac7eb"},
  "ssl_verify_fun": {:hex, :ssl_verify_fun, "1.1.7", "354c321cf377240c7b8716899e182ce4890c5938111a1296add3ec74cf1715df", [:make, :mix, :rebar3], [], "hexpm", "fe4c190e8f37401d30167c8c405eda19469f34577987c76dde613e838bbc67f8"},
  "tablet": {:hex, :tablet, "0.3.2", "108b6736e0f6c229c5ffd64a01188d5e6ddcf0a68546338f95611bf691f55453", [:mix], [], "hexpm", "74b1cbfcf2a8e55d685a804ad36dd40ec640b3b16c03782a2eb791fd051a0f0e"},
  "telemetry": {:hex, :telemetry, "1.4.1", "ab6de178e2b29b58e8256b92b382ea3f590a47152ca3651ea857a6cae05ac423", [:rebar3], [], "hexpm", "2172e05a27531d3d31dd9782841065c50dd5c3c7699d95266b2edd54c2dafa1c"},
  "telemetry_registry": {:hex, :telemetry_registry, "0.3.2", "701576890320be6428189bff963e865e8f23e0ff3615eade8f78662be0fc003c", [:mix, :rebar3], [{:telemetry, "~> 1.0", [hex: :telemetry, repo: "hexpm", optional: false]}], "hexpm", "e7ed191eb1d115a3034af8e1e35e4e63d5348851d556646d46ca3d1b4e16bab9"},
  "timex": {:hex, :timex, "3.7.13", "0688ce11950f5b65e154e42b47bf67b15d3bc0e0c3def62199991b8a8079a1e2", [:mix], [{:combine, "~> 0.10", [hex: :combine, repo: "hexpm", optional: false]}, {:gettext, "~> 0.26", [hex: :gettext, repo: "hexpm", optional: false]}, {:tzdata, "~> 1.1", [hex: :tzdata, repo: "hexpm", optional: false]}], "hexpm", "09588e0522669328e973b8b4fd8741246321b3f0d32735b589f78b136e6d4c54"},
  "toolshed": {:hex, :toolshed, "0.4.2", "b760b2dc24bc45f74d88ebf7251e5a235583fc5f51b4c6fea43e0b334b22fff3", [:mix], [{:nerves_runtime, "~> 0.8", [hex: :nerves_runtime, repo: "hexpm", optional: true]}], "hexpm", "e75aee836fc391d4ae0a422b7e6ef3380b86f8ffa3b181d5d36c390dc1167e0d"},
  "tzdata": {:hex, :tzdata, "1.1.3", "b1cef7bb6de1de90d4ddc25d33892b32830f907e7fc2fccd1e7e22778ab7dfbc", [:mix], [{:hackney, "~> 1.17", [hex: :hackney, repo: "hexpm", optional: false]}], "hexpm", "d4ca85575a064d29d4e94253ee95912edfb165938743dbf002acdf0dcecb0c28"},
  "uboot_env": {:hex, :uboot_env, "1.0.2", "239809ab786a57f0f3d4eb318e0af30b7847c288cff96fc9306cd5283f967355", [:mix], [], "hexpm", "89c6419b3af35f90f7f027858e977c719c1a8b68e57be73757bc21a2ed0cc03d"},
  "unicode_util_compat": {:hex, :unicode_util_compat, "0.7.1", "a48703a25c170eedadca83b11e88985af08d35f37c6f664d6dcfb106a97782fc", [:rebar3], [], "hexpm", "b3a917854ce3ae233619744ad1e0102e05673136776fb2fa76234f3e03b23642"},
  "vintage_net": {:hex, :vintage_net, "0.13.9", "23d4402bb97d8ac415237898b39e94275618749c34b848e730ef9ead152cc637", [:make, :mix], [{:beam_notify, "~> 0.2.0 or ~> 1.0", [hex: :beam_notify, repo: "hexpm", optional: false]}, {:elixir_make, "~> 0.6", [hex: :elixir_make, repo: "hexpm", optional: false]}, {:muontrap, "~> 0.5.1 or ~> 0.6.0 or ~> 1.0", [hex: :muontrap, repo: "hexpm", optional: false]}, {:property_table, "~> 0.2.0 or ~> 0.3.0", [hex: :property_table, repo: "hexpm", optional: false]}], "hexpm", "4b432b42762585b9c7aaeed055dfa59227f88759d86111d6e9830ffe1d09981d"},
  "vintage_net_direct": {:hex, :vintage_net_direct, "0.10.7", "940561c375f04d6734ac78100ae1d8ef790ffd7e966f70efb525230fa1bc5774", [:mix], [{:one_dhcpd, "~> 0.2.3 or ~> 1.0 or ~> 2.0", [hex: :one_dhcpd, repo: "hexpm", optional: false]}, {:vintage_net, "~> 0.9.1 or ~> 0.10.0 or ~> 0.11.0 or ~> 0.12.0 or ~> 0.13.0", [hex: :vintage_net, repo: "hexpm", optional: false]}], "hexpm", "c040e9c33220495c28ba4464c5924da00bd4949627c4cb9c99ba1ed96f7b9429"},
  "vintage_net_ethernet": {:hex, :vintage_net_ethernet, "0.11.2", "ef67db5ace9ad5ca5bf229a507247f9eb45b847dc0ff694a6e8a156ed9c5915d", [:mix], [{:vintage_net, "~> 0.12.0 or ~> 0.13.0", [hex: :vintage_net, repo: "hexpm", optional: false]}], "hexpm", "6915f9e15e1aa15e52d1948f318ce5109181d1ad7aaa50016bad5dd8e22df9ea"},
  "vintage_net_wifi": {:hex, :vintage_net_wifi, "0.12.7", "c30adc8f6eecbe52ba7183c8847b48bf683860403cfecf5d51324d5b2c2d4ab1", [:make, :mix], [{:elixir_make, "~> 0.6", [hex: :elixir_make, repo: "hexpm", optional: false]}, {:vintage_net, "~> 0.12.0 or ~> 0.13.0", [hex: :vintage_net, repo: "hexpm", optional: false]}], "hexpm", "a28d9fe4d639fb28b8ebe206ede5171f5c08b6f063185958742e07bf41bf50c2"},
}
